
Microsoft Visual Studio Solution File, Format Version 12.00
# Visual Studio 15
VisualStudioVersion = 15.0.28307.2092
MinimumVisualStudioVersion = 10.0.40219.1
Project("{8BC9CEB8-8B4A-11D0-8D11-00A0C91BC942}") = "nana-change-form", "nana-change-form\nana-change-form.vcxproj", "{EE4246E9-3AA9-4460-9F0E-0E6D228DC21E}"
EndProject
Global
	GlobalSection(SolutionConfigurationPlatforms) = preSolution
		Debug|x64 = Debug|x64
		Debug|x86 = Debug|x86
		Release|x64 = Release|x64
		Release|x86 = Release|x86
	EndGlobalSection
	GlobalSection(ProjectConfigurationPlatforms) = postSolution
		{EE4246E9-3AA9-4460-9F0E-0E6D228DC21E}.Debug|x64.ActiveCfg = Debug|x64
		{EE4246E9-3AA9-4460-9F0E-0E6D228DC21E}.Debug|x64.Build.0 = Debug|x64
		{EE4246E9-3AA9-4460-9F0E-0E6D228DC21E}.Debug|x86.ActiveCfg = Debug|Win32
		{EE4246E9-3AA9-4460-9F0E-0E6D228DC21E}.Debug|x86.Build.0 = Debug|Win32
		{EE4246E9-3AA9-4460-9F0E-0E6D228DC21E}.Release|x64.ActiveCfg = Release|x64
		{EE4246E9-3AA9-4460-9F0E-0E6D228DC21E}.Release|x64.Build.0 = Release|x64
		{EE4246E9-3AA9-4460-9F0E-0E6D228DC21E}.Release|x86.ActiveCfg = Release|Win32
		{EE4246E9-3AA9-4460-9F0E-0E6D228DC21E}.Release|x86.Build.0 = Release|Win32
	EndGlobalSection
	GlobalSection(SolutionProperties) = preSolution
		HideSolutionNode = FALSE
	EndGlobalSection
	GlobalSection(ExtensibilityGlobals) = postSolution
		SolutionGuid = {973C0818-1CFA-493A-848B-A57025311483}
	EndGlobalSection
EndGlobal
